
Microsoft Visual Studio Solution File, Format Version 12.00
# Visual Studio 15
VisualStudioVersion = 15.0.28307.757
MinimumVisualStudioVersion = 10.0.40219.1
Project("{FAE04EC0-301F-11D3-BF4B-00C04F79EFBC}") = "blaxpro.Automap", "blaxpro.Automap\blaxpro.Automap.csproj", "{D2FCE01C-997E-4AD9-915E-71771C0CB8C3}"
EndProject
Project("{FAE04EC0-301F-11D3-BF4B-00C04F79EFBC}") = "blaxpro.Automap.Tests", "blaxpro.Automap.Tests\blaxpro.Automap.Tests.csproj", "{3D78E41F-BAE1-4987-8CE5-5B996E3B0526}"
EndProject
Global
	GlobalSection(SolutionConfigurationPlatforms) = preSolution
		Debug|Any CPU = Debug|Any CPU
		Release|Any CPU = Release|Any CPU
	EndGlobalSection
	GlobalSection(ProjectConfigurationPlatforms) = postSolution
		{D2FCE01C-997E-4AD9-915E-71771C0CB8C3}.Debug|Any CPU.ActiveCfg = Debug|Any CPU
		{D2FCE01C-997E-4AD9-915E-71771C0CB8C3}.Debug|Any CPU.Build.0 = Debug|Any CPU
		{D2FCE01C-997E-4AD9-915E-71771C0CB8C3}.Release|Any CPU.ActiveCfg = Release|Any CPU
		{D2FCE01C-997E-4AD9-915E-71771C0CB8C3}.Release|Any CPU.Build.0 = Release|Any CPU
		{3D78E41F-BAE1-4987-8CE5-5B996E3B0526}.Debug|Any CPU.ActiveCfg = Debug|Any CPU
		{3D78E41F-BAE1-4987-8CE5-5B996E3B0526}.Debug|Any CPU.Build.0 = Debug|Any CPU
		{3D78E41F-BAE1-4987-8CE5-5B996E3B0526}.Release|Any CPU.ActiveCfg = Release|Any CPU
		{3D78E41F-BAE1-4987-8CE5-5B996E3B0526}.Release|Any CPU.Build.0 = Release|Any CPU
	EndGlobalSection
	GlobalSection(SolutionProperties) = preSolution
		HideSolutionNode = FALSE
	EndGlobalSection
	GlobalSection(ExtensibilityGlobals) = postSolution
		SolutionGuid = {2A403072-B319-42A8-B2A9-808CEF74B69A}
	EndGlobalSection
EndGlobal
